// !$*UTF8*$!
{
	archiveVersion = 1;
	classes = {
	};
	objectVersion = 50;
	objects = {

/* Begin PBXBuildFile section */
		31257B6224210B1D00A66BF1 /* TabBar.swift in Sources */ = {isa = PBXBuildFile; fileRef = 31257B6124210B1D00A66BF1 /* TabBar.swift */; };
		31257B6424210B6400A66BF1 /* TabBarItem.swift in Sources */ = {isa = PBXBuildFile; fileRef = 31257B6324210B6400A66BF1 /* TabBarItem.swift */; };
		31ACBF2924217A21007D23AA /* NavigationForward.swift in Sources */ = {isa = PBXBuildFile; fileRef = 31ACBF2824217A21007D23AA /* NavigationForward.swift */; };
		31DBECE72420D660002D8262 /* AppDelegate.swift in Sources */ = {isa = PBXBuildFile; fileRef = 31DBECE62420D660002D8262 /* AppDelegate.swift */; };
		31DBECE92420D660002D8262 /* SceneDelegate.swift in Sources */ = {isa = PBXBuildFile; fileRef = 31DBECE82420D660002D8262 /* SceneDelegate.swift */; };
		31DBECEB2420D660002D8262 /* AppView.swift in Sources */ = {isa = PBXBuildFile; fileRef = 31DBECEA2420D660002D8262 /* AppView.swift */; };
		31DBECED2420D661002D8262 /* Assets.xcassets in Resources */ = {isa = PBXBuildFile; fileRef = 31DBECEC2420D661002D8262 /* Assets.xcassets */; };
		31DBECF32420D661002D8262 /* LaunchScreen.storyboard in Resources */ = {isa = PBXBuildFile; fileRef = 31DBECF12420D661002D8262 /* LaunchScreen.storyboard */; };
		31DBED002420DDA4002D8262 /* NavigationPush.swift in Sources */ = {isa = PBXBuildFile; fileRef = 31DBECFF2420DDA4002D8262 /* NavigationPush.swift */; };
		31DBED022420DF56002D8262 /* NavigationPopGesture.swift in Sources */ = {isa = PBXBuildFile; fileRef = 31DBED012420DF56002D8262 /* NavigationPopGesture.swift */; };
		31DBED042420DF72002D8262 /* NavigationDismissAction.swift in Sources */ = {isa = PBXBuildFile; fileRef = 31DBED032420DF72002D8262 /* NavigationDismissAction.swift */; };
		31DBED062420E3C2002D8262 /* NavigationBar.swift in Sources */ = {isa = PBXBuildFile; fileRef = 31DBED052420E3C2002D8262 /* NavigationBar.swift */; };
		31DBED082420E48E002D8262 /* NavigationBackButton.swift in Sources */ = {isa = PBXBuildFile; fileRef = 31DBED072420E48E002D8262 /* NavigationBackButton.swift */; };
		31DBED0A2420E53D002D8262 /* NavigationItem.swift in Sources */ = {isa = PBXBuildFile; fileRef = 31DBED092420E53D002D8262 /* NavigationItem.swift */; };
/* End PBXBuildFile section */

/* Begin PBXFileReference section */
		31257B6124210B1D00A66BF1 /* TabBar.swift */ = {isa = PBXFileReference; lastKnownFileType = sourcecode.swift; path = TabBar.swift; sourceTree = "<group>"; };
		31257B6324210B6400A66BF1 /* TabBarItem.swift */ = {isa = PBXFileReference; lastKnownFileType = sourcecode.swift; path = TabBarItem.swift; sourceTree = "<group>"; };
		31ACBF2824217A21007D23AA /* NavigationForward.swift */ = {isa = PBXFileReference; lastKnownFileType = sourcecode.swift; path = NavigationForward.swift; sourceTree = "<group>"; };
		31DBECE32420D660002D8262 /* TemplateApp.app */ = {isa = PBXFileReference; explicitFileType = wrapper.application; includeInIndex = 0; path = TemplateApp.app; sourceTree = BUILT_PRODUCTS_DIR; };
		31DBECE62420D660002D8262 /* AppDelegate.swift */ = {isa = PBXFileReference; lastKnownFileType = sourcecode.swift; path = AppDelegate.swift; sourceTree = "<group>"; };
		31DBECE82420D660002D8262 /* SceneDelegate.swift */ = {isa = PBXFileReference; lastKnownFileType = sourcecode.swift; path = SceneDelegate.swift; sourceTree = "<group>"; };
		31DBECEA2420D660002D8262 /* AppView.swift */ = {isa = PBXFileReference; lastKnownFileType = sourcecode.swift; path = AppView.swift; sourceTree = "<group>"; };
		31DBECEC2420D661002D8262 /* Assets.xcassets */ = {isa = PBXFileReference; lastKnownFileType = folder.assetcatalog; path = Assets.xcassets; sourceTree = "<group>"; };
		31DBECF22420D661002D8262 /* Base */ = {isa = PBXFileReference; lastKnownFileType = file.storyboard; name = Base; path = Base.lproj/LaunchScreen.storyboard; sourceTree = "<group>"; };
		31DBECF42420D661002D8262 /* Info.plist */ = {isa = PBXFileReference; lastKnownFileType = text.plist.xml; path = Info.plist; sourceTree = "<group>"; };
		31DBECFF2420DDA4002D8262 /* NavigationPush.swift */ = {isa = PBXFileReference; lastKnownFileType = sourcecode.swift; path = NavigationPush.swift; sourceTree = "<group>"; };
		31DBED012420DF56002D8262 /* NavigationPopGesture.swift */ = {isa = PBXFileReference; lastKnownFileType = sourcecode.swift; path = NavigationPopGesture.swift; sourceTree = "<group>"; };
		31DBED032420DF72002D8262 /* NavigationDismissAction.swift */ = {isa = PBXFileReference; lastKnownFileType = sourcecode.swift; path = NavigationDismissAction.swift; sourceTree = "<group>"; };
		31DBED052420E3C2002D8262 /* NavigationBar.swift */ = {isa = PBXFileReference; lastKnownFileType = sourcecode.swift; path = NavigationBar.swift; sourceTree = "<group>"; };
		31DBED072420E48E002D8262 /* NavigationBackButton.swift */ = {isa = PBXFileReference; lastKnownFileType = sourcecode.swift; path = NavigationBackButton.swift; sourceTree = "<group>"; };
		31DBED092420E53D002D8262 /* NavigationItem.swift */ = {isa = PBXFileReference; lastKnownFileType = sourcecode.swift; path = NavigationItem.swift; sourceTree = "<group>"; };
/* End PBXFileReference section */

/* Begin PBXFrameworksBuildPhase section */
		31DBECE02420D660002D8262 /* Frameworks */ = {
			isa = PBXFrameworksBuildPhase;
			buildActionMask = 2147483647;
			files = (
			);
			runOnlyForDeploymentPostprocessing = 0;
		};
/* End PBXFrameworksBuildPhase section */

/* Begin PBXGroup section */
		31257B6024210B0D00A66BF1 /* TabBar */ = {
			isa = PBXGroup;
			children = (
				31257B6124210B1D00A66BF1 /* TabBar.swift */,
				31257B6324210B6400A66BF1 /* TabBarItem.swift */,
			);
			path = TabBar;
			sourceTree = "<group>";
		};
		31DBECDA2420D660002D8262 = {
			isa = PBXGroup;
			children = (
				31DBECE52420D660002D8262 /* TemplateApp */,
				31DBECE42420D660002D8262 /* Products */,
			);
			sourceTree = "<group>";
		};
		31DBECE42420D660002D8262 /* Products */ = {
			isa = PBXGroup;
			children = (
				31DBECE32420D660002D8262 /* TemplateApp.app */,
			);
			name = Products;
			sourceTree = "<group>";
		};
		31DBECE52420D660002D8262 /* TemplateApp */ = {
			isa = PBXGroup;
			children = (
				31DBECFA2420D721002D8262 /* Application */,
				31DBECFD2420DD5B002D8262 /* Navigation */,
				31DBECFB2420D753002D8262 /* Resources */,
				31257B6024210B0D00A66BF1 /* TabBar */,
			);
			path = TemplateApp;
			sourceTree = "<group>";
		};
		31DBECFA2420D721002D8262 /* Application */ = {
			isa = PBXGroup;
			children = (
				31DBECE62420D660002D8262 /* AppDelegate.swift */,
				31DBECEA2420D660002D8262 /* AppView.swift */,
				31DBECE82420D660002D8262 /* SceneDelegate.swift */,
			);
			path = Application;
			sourceTree = "<group>";
		};
		31DBECFB2420D753002D8262 /* Resources */ = {
			isa = PBXGroup;
			children = (
				31DBECEC2420D661002D8262 /* Assets.xcassets */,
				31DBECF42420D661002D8262 /* Info.plist */,
				31DBECF12420D661002D8262 /* LaunchScreen.storyboard */,
			);
			path = Resources;
			sourceTree = "<group>";
		};
		31DBECFD2420DD5B002D8262 /* Navigation */ = {
			isa = PBXGroup;
			children = (
				31DBED072420E48E002D8262 /* NavigationBackButton.swift */,
				31DBED052420E3C2002D8262 /* NavigationBar.swift */,
				31DBED032420DF72002D8262 /* NavigationDismissAction.swift */,
				31ACBF2824217A21007D23AA /* NavigationForward.swift */,
				31DBED092420E53D002D8262 /* NavigationItem.swift */,
				31DBED012420DF56002D8262 /* NavigationPopGesture.swift */,
				31DBECFF2420DDA4002D8262 /* NavigationPush.swift */,
			);
			path = Navigation;
			sourceTree = "<group>";
		};
/* End PBXGroup section */

/* Begin PBXNativeTarget section */
		31DBECE22420D660002D8262 /* TemplateApp */ = {
			isa = PBXNativeTarget;
			buildConfigurationList = 31DBECF72420D661002D8262 /* Build configuration list for PBXNativeTarget "TemplateApp" */;
			buildPhases = (
				31DBECDF2420D660002D8262 /* Sources */,
				31DBECE02420D660002D8262 /* Frameworks */,
				31DBECE12420D660002D8262 /* Resources */,
			);
			buildRules = (
			);
			dependencies = (
			);
			name = TemplateApp;
			productName = TemplateApp;
			productReference = 31DBECE32420D660002D8262 /* TemplateApp.app */;
			productType = "com.apple.product-type.application";
		};
/* End PBXNativeTarget section */

/* Begin PBXProject section */
		31DBECDB2420D660002D8262 /* Project object */ = {
			isa = PBXProject;
			attributes = {
				LastSwiftUpdateCheck = 1130;
				LastUpgradeCheck = 1130;
				ORGANIZATIONNAME = "EL Passion";
				TargetAttributes = {
					31DBECE22420D660002D8262 = {
						CreatedOnToolsVersion = 11.3.1;
					};
				};
			};
			buildConfigurationList = 31DBECDE2420D660002D8262 /* Build configuration list for PBXProject "TemplateApp" */;
			compatibilityVersion = "Xcode 9.3";
			developmentRegion = en;
			hasScannedForEncodings = 0;
			knownRegions = (
				en,
				Base,
			);
			mainGroup = 31DBECDA2420D660002D8262;
			productRefGroup = 31DBECE42420D660002D8262 /* Products */;
			projectDirPath = "";
			projectRoot = "";
			targets = (
				31DBECE22420D660002D8262 /* TemplateApp */,
			);
		};
/* End PBXProject section */

/* Begin PBXResourcesBuildPhase section */
		31DBECE12420D660002D8262 /* Resources */ = {
			isa = PBXResourcesBuildPhase;
			buildActionMask = 2147483647;
			files = (
				31DBECF32420D661002D8262 /* LaunchScreen.storyboard in Resources */,
				31DBECED2420D661002D8262 /* Assets.xcassets in Resources */,
			);
			runOnlyForDeploymentPostprocessing = 0;
		};
/* End PBXResourcesBuildPhase section */

/* Begin PBXSourcesBuildPhase section */
		31DBECDF2420D660002D8262 /* Sources */ = {
			isa = PBXSourcesBuildPhase;
			buildActionMask = 2147483647;
			files = (
				31DBED042420DF72002D8262 /* NavigationDismissAction.swift in Sources */,
				31DBECE72420D660002D8262 /* AppDelegate.swift in Sources */,
				31DBED082420E48E002D8262 /* NavigationBackButton.swift in Sources */,
				31DBECE92420D660002D8262 /* SceneDelegate.swift in Sources */,
				31257B6424210B6400A66BF1 /* TabBarItem.swift in Sources */,
				31DBECEB2420D660002D8262 /* AppView.swift in Sources */,
				31DBED0A2420E53D002D8262 /* NavigationItem.swift in Sources */,
				31DBED062420E3C2002D8262 /* NavigationBar.swift in Sources */,
				31DBED022420DF56002D8262 /* NavigationPopGesture.swift in Sources */,
				31DBED002420DDA4002D8262 /* NavigationPush.swift in Sources */,
				31257B6224210B1D00A66BF1 /* TabBar.swift in Sources */,
				31ACBF2924217A21007D23AA /* NavigationForward.swift in Sources */,
			);
			runOnlyForDeploymentPostprocessing = 0;
		};
/* End PBXSourcesBuildPhase section */

/* Begin PBXVariantGroup section */
		31DBECF12420D661002D8262 /* LaunchScreen.storyboard */ = {
			isa = PBXVariantGroup;
			children = (
				31DBECF22420D661002D8262 /* Base */,
			);
			name = LaunchScreen.storyboard;
			sourceTree = "<group>";
		};
/* End PBXVariantGroup section */

/* Begin XCBuildConfiguration section */
		31DBECF52420D661002D8262 /* Debug */ = {
			isa = XCBuildConfiguration;
			buildSettings = {
				ALWAYS_SEARCH_USER_PATHS = NO;
				CLANG_ANALYZER_NONNULL = YES;
				CLANG_ANALYZER_NUMBER_OBJECT_CONVERSION = YES_AGGRESSIVE;
				CLANG_CXX_LANGUAGE_STANDARD = "gnu++14";
				CLANG_CXX_LIBRARY = "libc++";
				CLANG_ENABLE_MODULES = YES;
				CLANG_ENABLE_OBJC_ARC = YES;
				CLANG_ENABLE_OBJC_WEAK = YES;
				CLANG_WARN_BLOCK_CAPTURE_AUTORELEASING = YES;
				CLANG_WARN_BOOL_CONVERSION = YES;
				CLANG_WARN_COMMA = YES;
				CLANG_WARN_CONSTANT_CONVERSION = YES;
				CLANG_WARN_DEPRECATED_OBJC_IMPLEMENTATIONS = YES;
				CLANG_WARN_DIRECT_OBJC_ISA_USAGE = YES_ERROR;
				CLANG_WARN_DOCUMENTATION_COMMENTS = YES;
				CLANG_WARN_EMPTY_BODY = YES;
				CLANG_WARN_ENUM_CONVERSION = YES;
				CLANG_WARN_INFINITE_RECURSION = YES;
				CLANG_WARN_INT_CONVERSION = YES;
				CLANG_WARN_NON_LITERAL_NULL_CONVERSION = YES;
				CLANG_WARN_OBJC_IMPLICIT_RETAIN_SELF = YES;
				CLANG_WARN_OBJC_LITERAL_CONVERSION = YES;
				CLANG_WARN_OBJC_ROOT_CLASS = YES_ERROR;
				CLANG_WARN_RANGE_LOOP_ANALYSIS = YES;
				CLANG_WARN_STRICT_PROTOTYPES = YES;
				CLANG_WARN_SUSPICIOUS_MOVE = YES;
				CLANG_WARN_UNGUARDED_AVAILABILITY = YES_AGGRESSIVE;
				CLANG_WARN_UNREACHABLE_CODE = YES;
				CLANG_WARN__DUPLICATE_METHOD_MATCH = YES;
				COPY_PHASE_STRIP = NO;
				DEBUG_INFORMATION_FORMAT = dwarf;
				ENABLE_STRICT_OBJC_MSGSEND = YES;
				ENABLE_TESTABILITY = YES;
				GCC_C_LANGUAGE_STANDARD = gnu11;
				GCC_DYNAMIC_NO_PIC = NO;
				GCC_NO_COMMON_BLOCKS = YES;
				GCC_OPTIMIZATION_LEVEL = 0;
				GCC_PREPROCESSOR_DEFINITIONS = (
					"DEBUG=1",
					"$(inherited)",
				);
				GCC_WARN_64_TO_32_BIT_CONVERSION = YES;
				GCC_WARN_ABOUT_RETURN_TYPE = YES_ERROR;
				GCC_WARN_UNDECLARED_SELECTOR = YES;
				GCC_WARN_UNINITIALIZED_AUTOS = YES_AGGRESSIVE;
				GCC_WARN_UNUSED_FUNCTION = YES;
				GCC_WARN_UNUSED_VARIABLE = YES;
				IPHONEOS_DEPLOYMENT_TARGET = 13.0;
				MTL_ENABLE_DEBUG_INFO = INCLUDE_SOURCE;
				MTL_FAST_MATH = YES;
				ONLY_ACTIVE_ARCH = YES;
				SDKROOT = iphoneos;
				SWIFT_ACTIVE_COMPILATION_CONDITIONS = DEBUG;
				SWIFT_OPTIMIZATION_LEVEL = "-Onone";
			};
			name = Debug;
		};
		31DBECF62420D661002D8262 /* Release */ = {
			isa = XCBuildConfiguration;
			buildSettings = {
				ALWAYS_SEARCH_USER_PATHS = NO;
				CLANG_ANALYZER_NONNULL = YES;
				CLANG_ANALYZER_NUMBER_OBJECT_CONVERSION = YES_AGGRESSIVE;
				CLANG_CXX_LANGUAGE_STANDARD = "gnu++14";
				CLANG_CXX_LIBRARY = "libc++";
				CLANG_ENABLE_MODULES = YES;
				CLANG_ENABLE_OBJC_ARC = YES;
				CLANG_ENABLE_OBJC_WEAK = YES;
				CLANG_WARN_BLOCK_CAPTURE_AUTORELEASING = YES;
				CLANG_WARN_BOOL_CONVERSION = YES;
				CLANG_WARN_COMMA = YES;
				CLANG_WARN_CONSTANT_CONVERSION = YES;
				CLANG_WARN_DEPRECATED_OBJC_IMPLEMENTATIONS = YES;
				CLANG_WARN_DIRECT_OBJC_ISA_USAGE = YES_ERROR;
				CLANG_WARN_DOCUMENTATION_COMMENTS = YES;
				CLANG_WARN_EMPTY_BODY = YES;
				CLANG_WARN_ENUM_CONVERSION = YES;
				CLANG_WARN_INFINITE_RECURSION = YES;
				CLANG_WARN_INT_CONVERSION = YES;
				CLANG_WARN_NON_LITERAL_NULL_CONVERSION = YES;
				CLANG_WARN_OBJC_IMPLICIT_RETAIN_SELF = YES;
				CLANG_WARN_OBJC_LITERAL_CONVERSION = YES;
				CLANG_WARN_OBJC_ROOT_CLASS = YES_ERROR;
				CLANG_WARN_RANGE_LOOP_ANALYSIS = YES;
				CLANG_WARN_STRICT_PROTOTYPES = YES;
				CLANG_WARN_SUSPICIOUS_MOVE = YES;
				CLANG_WARN_UNGUARDED_AVAILABILITY = YES_AGGRESSIVE;
				CLANG_WARN_UNREACHABLE_CODE = YES;
				CLANG_WARN__DUPLICATE_METHOD_MATCH = YES;
				COPY_PHASE_STRIP = NO;
				DEBUG_INFORMATION_FORMAT = "dwarf-with-dsym";
				ENABLE_NS_ASSERTIONS = NO;
				ENABLE_STRICT_OBJC_MSGSEND = YES;
				GCC_C_LANGUAGE_STANDARD = gnu11;
				GCC_NO_COMMON_BLOCKS = YES;
				GCC_WARN_64_TO_32_BIT_CONVERSION = YES;
				GCC_WARN_ABOUT_RETURN_TYPE = YES_ERROR;
				GCC_WARN_UNDECLARED_SELECTOR = YES;
				GCC_WARN_UNINITIALIZED_AUTOS = YES_AGGRESSIVE;
				GCC_WARN_UNUSED_FUNCTION = YES;
				GCC_WARN_UNUSED_VARIABLE = YES;
				IPHONEOS_DEPLOYMENT_TARGET = 13.0;
				MTL_ENABLE_DEBUG_INFO = NO;
				MTL_FAST_MATH = YES;
				SDKROOT = iphoneos;
				SWIFT_COMPILATION_MODE = wholemodule;
				SWIFT_OPTIMIZATION_LEVEL = "-O";
				VALIDATE_PRODUCT = YES;
			};
			name = Release;
		};
		31DBECF82420D661002D8262 /* Debug */ = {
			isa = XCBuildConfiguration;
			buildSettings = {
				ASSETCATALOG_COMPILER_APPICON_NAME = AppIcon;
				CODE_SIGN_STYLE = Automatic;
				CURRENT_PROJECT_VERSION = 0;
				ENABLE_PREVIEWS = YES;
				INFOPLIST_FILE = TemplateApp/Resources/Info.plist;
				LD_RUNPATH_SEARCH_PATHS = (
					"$(inherited)",
					"@executable_path/Frameworks",
				);
				MARKETING_VERSION = 1.0.0;
				PRODUCT_BUNDLE_IDENTIFIER = com.elpassion.TemplateApp;
				PRODUCT_NAME = "$(TARGET_NAME)";
				SWIFT_VERSION = 5.0;
				TARGETED_DEVICE_FAMILY = "1,2";
			};
			name = Debug;
		};
		31DBECF92420D661002D8262 /* Release */ = {
			isa = XCBuildConfiguration;
			buildSettings = {
				ASSETCATALOG_COMPILER_APPICON_NAME = AppIcon;
				CODE_SIGN_STYLE = Automatic;
				CURRENT_PROJECT_VERSION = 0;
				ENABLE_PREVIEWS = YES;
				INFOPLIST_FILE = TemplateApp/Resources/Info.plist;
				LD_RUNPATH_SEARCH_PATHS = (
					"$(inherited)",
					"@executable_path/Frameworks",
				);
				MARKETING_VERSION = 1.0.0;
				PRODUCT_BUNDLE_IDENTIFIER = com.elpassion.TemplateApp;
				PRODUCT_NAME = "$(TARGET_NAME)";
				SWIFT_VERSION = 5.0;
				TARGETED_DEVICE_FAMILY = "1,2";
			};
			name = Release;
		};
/* End XCBuildConfiguration section */

/* Begin XCConfigurationList section */
		31DBECDE2420D660002D8262 /* Build configuration list for PBXProject "TemplateApp" */ = {
			isa = XCConfigurationList;
			buildConfigurations = (
				31DBECF52420D661002D8262 /* Debug */,
				31DBECF62420D661002D8262 /* Release */,
			);
			defaultConfigurationIsVisible = 0;
			defaultConfigurationName = Release;
		};
		31DBECF72420D661002D8262 /* Build configuration list for PBXNativeTarget "TemplateApp" */ = {
			isa = XCConfigurationList;
			buildConfigurations = (
				31DBECF82420D661002D8262 /* Debug */,
				31DBECF92420D661002D8262 /* Release */,
			);
			defaultConfigurationIsVisible = 0;
			defaultConfigurationName = Release;
		};
/* End XCConfigurationList section */
	};
	rootObject = 31DBECDB2420D660002D8262 /* Project object */;
}
